
Microsoft Visual Studio Solution File, Format Version 12.00
# Visual Studio Version 16
VisualStudioVersion = 16.0.28803.352
MinimumVisualStudioVersion = 10.0.40219.1
Project("{FAE04EC0-301F-11D3-BF4B-00C04F79EFBC}") = "WantsomeWeek7", "WantsomeWeek7.csproj", "{D468C60D-4962-45B7-AF4E-7DB316D8048E}"
EndProject
Project("{FAE04EC0-301F-11D3-BF4B-00C04F79EFBC}") = "SquareRoot", "..\SquareRoot\SquareRoot.csproj", "{0F63A99B-7437-4479-83F8-0403CF3026DB}"
EndProject
Project("{FAE04EC0-301F-11D3-BF4B-00C04F79EFBC}") = "ReadFileContents", "..\ReadFileContents\ReadFileContents.csproj", "{AA366CBC-EB87-4FB7-AB8E-45B61A215536}"
EndProject
Project("{FAE04EC0-301F-11D3-BF4B-00C04F79EFBC}") = "DownloadAFile", "..\DownloadAFile\DownloadAFile.csproj", "{4B4F0CC3-A234-4069-B6AC-DCE22A2CC43A}"
EndProject
Project("{FAE04EC0-301F-11D3-BF4B-00C04F79EFBC}") = "ReadingANumber", "..\ReadingANumber\ReadingANumber.csproj", "{1623126A-C314-4D32-A392-3727897766CD}"
EndProject
Project("{FAE04EC0-301F-11D3-BF4B-00C04F79EFBC}") = "BitArr", "..\BitArr\BitArr.csproj", "{4276D152-0F26-411C-A361-46B7FE48ECDF}"
EndProject
Project("{FAE04EC0-301F-11D3-BF4B-00C04F79EFBC}") = "DelegateMethodHOWTO", "..\DelegateMethodHOWTO\DelegateMethodHOWTO.csproj", "{17E6C1EF-DC07-4E6F-B19B-D44077787E11}"
EndProject
Project("{FAE04EC0-301F-11D3-BF4B-00C04F79EFBC}") = "ExtensionMethods", "..\ExtensionMethods\ExtensionMethods.csproj", "{66AA795A-9D1D-4B41-BEC1-D15792579BDB}"
EndProject
Project("{FAE04EC0-301F-11D3-BF4B-00C04F79EFBC}") = "HomeworkDelegates", "..\HomeworkDelegates\HomeworkDelegates.csproj", "{8FC37689-B7FE-426A-B12A-F496CA1C302B}"
EndProject
Project("{FAE04EC0-301F-11D3-BF4B-00C04F79EFBC}") = "LINQHOWTO", "..\LINQHOWTO\LINQHOWTO.csproj", "{7490A918-D590-4BFA-9DBE-A60908D30BE8}"
EndProject
Project("{FAE04EC0-301F-11D3-BF4B-00C04F79EFBC}") = "HomeworkFunc", "..\HomeworkFunc\HomeworkFunc.csproj", "{7ADDED09-85CF-4283-BE9E-3986DEA15745}"
EndProject
Project("{FAE04EC0-301F-11D3-BF4B-00C04F79EFBC}") = "HomeworkActionDelegate", "..\HomeworkActionDelegate\HomeworkActionDelegate.csproj", "{4CD8C94A-FD98-48BF-A2FA-11FEF5C91B91}"
EndProject
Project("{FAE04EC0-301F-11D3-BF4B-00C04F79EFBC}") = "HomeworkPredicateDelegate", "..\HomeworkPredicateDelegate\HomeworkPredicateDelegate.csproj", "{A660F03E-2D7E-4ED8-AFA0-B6491C84E836}"
EndProject
Project("{FAE04EC0-301F-11D3-BF4B-00C04F79EFBC}") = "HomeworkLINQ", "..\HomeworkLINQ\HomeworkLINQ.csproj", "{F852F8BB-0402-4DF4-96CF-D8E6D6EAC824}"
EndProject
Project("{FAE04EC0-301F-11D3-BF4B-00C04F79EFBC}") = "UsersAndPosts", "..\UsersAndPosts\UsersAndPosts.csproj", "{072D3C7D-E849-40CA-AFB4-4A50CAB0F380}"
EndProject
Project("{FAE04EC0-301F-11D3-BF4B-00C04F79EFBC}") = "StringBuilderSubstring", "..\StringBuilderSubstring\StringBuilderSubstring.csproj", "{34DA9826-5FAF-43AA-BCAD-D9330CACA9A2}"
EndProject
Project("{FAE04EC0-301F-11D3-BF4B-00C04F79EFBC}") = "IenumerableExtensions", "..\IenumerableExtensions\IenumerableExtensions.csproj", "{BBEFFE13-E144-41FE-A550-898A3000B96C}"
EndProject
Project("{FAE04EC0-301F-11D3-BF4B-00C04F79EFBC}") = "HomeworkStudentsLINQ", "..\HomeworkStudentsLINQ\HomeworkStudentsLINQ.csproj", "{46168C04-16C9-4A2B-8BFC-9D22483B03B9}"
EndProject
Project("{FAE04EC0-301F-11D3-BF4B-00C04F79EFBC}") = "Divisible7And3", "..\Divisible7And3\Divisible7And3.csproj", "{9624A864-9CCF-4A4E-B1BC-CB2DDAF2BAF7}"
EndProject
Project("{FAE04EC0-301F-11D3-BF4B-00C04F79EFBC}") = "LongestString", "..\LongestString\LongestString.csproj", "{45D27F3D-9F31-433B-85C3-11D5759DA8A8}"
EndProject
Project("{FAE04EC0-301F-11D3-BF4B-00C04F79EFBC}") = "Week07.Linq", "..\Week07.Linq\Week07.Linq.csproj", "{F6C9B286-1083-483A-8C10-98DFD28056B3}"
EndProject
Project("{FAE04EC0-301F-11D3-BF4B-00C04F79EFBC}") = "HomeworkTimer", "..\HomeworkTimer\HomeworkTimer.csproj", "{C3EDFBBC-F85C-4782-BA13-C4AC150BE036}"
EndProject
Global
	GlobalSection(SolutionConfigurationPlatforms) = preSolution
		Debug|Any CPU = Debug|Any CPU
		Release|Any CPU = Release|Any CPU
	EndGlobalSection
	GlobalSection(ProjectConfigurationPlatforms) = postSolution
		{D468C60D-4962-45B7-AF4E-7DB316D8048E}.Debug|Any CPU.ActiveCfg = Debug|Any CPU
		{D468C60D-4962-45B7-AF4E-7DB316D8048E}.Debug|Any CPU.Build.0 = Debug|Any CPU
		{D468C60D-4962-45B7-AF4E-7DB316D8048E}.Release|Any CPU.ActiveCfg = Release|Any CPU
		{D468C60D-4962-45B7-AF4E-7DB316D8048E}.Release|Any CPU.Build.0 = Release|Any CPU
		{0F63A99B-7437-4479-83F8-0403CF3026DB}.Debug|Any CPU.ActiveCfg = Debug|Any CPU
		{0F63A99B-7437-4479-83F8-0403CF3026DB}.Debug|Any CPU.Build.0 = Debug|Any CPU
		{0F63A99B-7437-4479-83F8-0403CF3026DB}.Release|Any CPU.ActiveCfg = Release|Any CPU
		{0F63A99B-7437-4479-83F8-0403CF3026DB}.Release|Any CPU.Build.0 = Release|Any CPU
		{AA366CBC-EB87-4FB7-AB8E-45B61A215536}.Debug|Any CPU.ActiveCfg = Debug|Any CPU
		{AA366CBC-EB87-4FB7-AB8E-45B61A215536}.Debug|Any CPU.Build.0 = Debug|Any CPU
		{AA366CBC-EB87-4FB7-AB8E-45B61A215536}.Release|Any CPU.ActiveCfg = Release|Any CPU
		{AA366CBC-EB87-4FB7-AB8E-45B61A215536}.Release|Any CPU.Build.0 = Release|Any CPU
		{4B4F0CC3-A234-4069-B6AC-DCE22A2CC43A}.Debug|Any CPU.ActiveCfg = Debug|Any CPU
		{4B4F0CC3-A234-4069-B6AC-DCE22A2CC43A}.Debug|Any CPU.Build.0 = Debug|Any CPU
		{4B4F0CC3-A234-4069-B6AC-DCE22A2CC43A}.Release|Any CPU.ActiveCfg = Release|Any CPU
		{4B4F0CC3-A234-4069-B6AC-DCE22A2CC43A}.Release|Any CPU.Build.0 = Release|Any CPU
		{1623126A-C314-4D32-A392-3727897766CD}.Debug|Any CPU.ActiveCfg = Debug|Any CPU
		{1623126A-C314-4D32-A392-3727897766CD}.Debug|Any CPU.Build.0 = Debug|Any CPU
		{1623126A-C314-4D32-A392-3727897766CD}.Release|Any CPU.ActiveCfg = Release|Any CPU
		{1623126A-C314-4D32-A392-3727897766CD}.Release|Any CPU.Build.0 = Release|Any CPU
		{4276D152-0F26-411C-A361-46B7FE48ECDF}.Debug|Any CPU.ActiveCfg = Debug|Any CPU
		{4276D152-0F26-411C-A361-46B7FE48ECDF}.Debug|Any CPU.Build.0 = Debug|Any CPU
		{4276D152-0F26-411C-A361-46B7FE48ECDF}.Release|Any CPU.ActiveCfg = Release|Any CPU
		{4276D152-0F26-411C-A361-46B7FE48ECDF}.Release|Any CPU.Build.0 = Release|Any CPU
		{17E6C1EF-DC07-4E6F-B19B-D44077787E11}.Debug|Any CPU.ActiveCfg = Debug|Any CPU
		{17E6C1EF-DC07-4E6F-B19B-D44077787E11}.Debug|Any CPU.Build.0 = Debug|Any CPU
		{17E6C1EF-DC07-4E6F-B19B-D44077787E11}.Release|Any CPU.ActiveCfg = Release|Any CPU
		{17E6C1EF-DC07-4E6F-B19B-D44077787E11}.Release|Any CPU.Build.0 = Release|Any CPU
		{66AA795A-9D1D-4B41-BEC1-D15792579BDB}.Debug|Any CPU.ActiveCfg = Debug|Any CPU
		{66AA795A-9D1D-4B41-BEC1-D15792579BDB}.Debug|Any CPU.Build.0 = Debug|Any CPU
		{66AA795A-9D1D-4B41-BEC1-D15792579BDB}.Release|Any CPU.ActiveCfg = Release|Any CPU
		{66AA795A-9D1D-4B41-BEC1-D15792579BDB}.Release|Any CPU.Build.0 = Release|Any CPU
		{8FC37689-B7FE-426A-B12A-F496CA1C302B}.Debug|Any CPU.ActiveCfg = Debug|Any CPU
		{8FC37689-B7FE-426A-B12A-F496CA1C302B}.Debug|Any CPU.Build.0 = Debug|Any CPU
		{8FC37689-B7FE-426A-B12A-F496CA1C302B}.Release|Any CPU.ActiveCfg = Release|Any CPU
		{8FC37689-B7FE-426A-B12A-F496CA1C302B}.Release|Any CPU.Build.0 = Release|Any CPU
		{7490A918-D590-4BFA-9DBE-A60908D30BE8}.Debug|Any CPU.ActiveCfg = Debug|Any CPU
		{7490A918-D590-4BFA-9DBE-A60908D30BE8}.Debug|Any CPU.Build.0 = Debug|Any CPU
		{7490A918-D590-4BFA-9DBE-A60908D30BE8}.Release|Any CPU.ActiveCfg = Release|Any CPU
		{7490A918-D590-4BFA-9DBE-A60908D30BE8}.Release|Any CPU.Build.0 = Release|Any CPU
		{7ADDED09-85CF-4283-BE9E-3986DEA15745}.Debug|Any CPU.ActiveCfg = Debug|Any CPU
		{7ADDED09-85CF-4283-BE9E-3986DEA15745}.Debug|Any CPU.Build.0 = Debug|Any CPU
		{7ADDED09-85CF-4283-BE9E-3986DEA15745}.Release|Any CPU.ActiveCfg = Release|Any CPU
		{7ADDED09-85CF-4283-BE9E-3986DEA15745}.Release|Any CPU.Build.0 = Release|Any CPU
		{4CD8C94A-FD98-48BF-A2FA-11FEF5C91B91}.Debug|Any CPU.ActiveCfg = Debug|Any CPU
		{4CD8C94A-FD98-48BF-A2FA-11FEF5C91B91}.Debug|Any CPU.Build.0 = Debug|Any CPU
		{4CD8C94A-FD98-48BF-A2FA-11FEF5C91B91}.Release|Any CPU.ActiveCfg = Release|Any CPU
		{4CD8C94A-FD98-48BF-A2FA-11FEF5C91B91}.Release|Any CPU.Build.0 = Release|Any CPU
		{A660F03E-2D7E-4ED8-AFA0-B6491C84E836}.Debug|Any CPU.ActiveCfg = Debug|Any CPU
		{A660F03E-2D7E-4ED8-AFA0-B6491C84E836}.Debug|Any CPU.Build.0 = Debug|Any CPU
		{A660F03E-2D7E-4ED8-AFA0-B6491C84E836}.Release|Any CPU.ActiveCfg = Release|Any CPU
		{A660F03E-2D7E-4ED8-AFA0-B6491C84E836}.Release|Any CPU.Build.0 = Release|Any CPU
		{F852F8BB-0402-4DF4-96CF-D8E6D6EAC824}.Debug|Any CPU.ActiveCfg = Debug|Any CPU
		{F852F8BB-0402-4DF4-96CF-D8E6D6EAC824}.Debug|Any CPU.Build.0 = Debug|Any CPU
		{F852F8BB-0402-4DF4-96CF-D8E6D6EAC824}.Release|Any CPU.ActiveCfg = Release|Any CPU
		{F852F8BB-0402-4DF4-96CF-D8E6D6EAC824}.Release|Any CPU.Build.0 = Release|Any CPU
		{072D3C7D-E849-40CA-AFB4-4A50CAB0F380}.Debug|Any CPU.ActiveCfg = Debug|Any CPU
		{072D3C7D-E849-40CA-AFB4-4A50CAB0F380}.Debug|Any CPU.Build.0 = Debug|Any CPU
		{072D3C7D-E849-40CA-AFB4-4A50CAB0F380}.Release|Any CPU.ActiveCfg = Release|Any CPU
		{072D3C7D-E849-40CA-AFB4-4A50CAB0F380}.Release|Any CPU.Build.0 = Release|Any CPU
		{34DA9826-5FAF-43AA-BCAD-D9330CACA9A2}.Debug|Any CPU.ActiveCfg = Debug|Any CPU
		{34DA9826-5FAF-43AA-BCAD-D9330CACA9A2}.Debug|Any CPU.Build.0 = Debug|Any CPU
		{34DA9826-5FAF-43AA-BCAD-D9330CACA9A2}.Release|Any CPU.ActiveCfg = Release|Any CPU
		{34DA9826-5FAF-43AA-BCAD-D9330CACA9A2}.Release|Any CPU.Build.0 = Release|Any CPU
		{BBEFFE13-E144-41FE-A550-898A3000B96C}.Debug|Any CPU.ActiveCfg = Debug|Any CPU
		{BBEFFE13-E144-41FE-A550-898A3000B96C}.Debug|Any CPU.Build.0 = Debug|Any CPU
		{BBEFFE13-E144-41FE-A550-898A3000B96C}.Release|Any CPU.ActiveCfg = Release|Any CPU
		{BBEFFE13-E144-41FE-A550-898A3000B96C}.Release|Any CPU.Build.0 = Release|Any CPU
		{46168C04-16C9-4A2B-8BFC-9D22483B03B9}.Debug|Any CPU.ActiveCfg = Debug|Any CPU
		{46168C04-16C9-4A2B-8BFC-9D22483B03B9}.Debug|Any CPU.Build.0 = Debug|Any CPU
		{46168C04-16C9-4A2B-8BFC-9D22483B03B9}.Release|Any CPU.ActiveCfg = Release|Any CPU
		{46168C04-16C9-4A2B-8BFC-9D22483B03B9}.Release|Any CPU.Build.0 = Release|Any CPU
		{9624A864-9CCF-4A4E-B1BC-CB2DDAF2BAF7}.Debug|Any CPU.ActiveCfg = Debug|Any CPU
		{9624A864-9CCF-4A4E-B1BC-CB2DDAF2BAF7}.Debug|Any CPU.Build.0 = Debug|Any CPU
		{9624A864-9CCF-4A4E-B1BC-CB2DDAF2BAF7}.Release|Any CPU.ActiveCfg = Release|Any CPU
		{9624A864-9CCF-4A4E-B1BC-CB2DDAF2BAF7}.Release|Any CPU.Build.0 = Release|Any CPU
		{45D27F3D-9F31-433B-85C3-11D5759DA8A8}.Debug|Any CPU.ActiveCfg = Debug|Any CPU
		{45D27F3D-9F31-433B-85C3-11D5759DA8A8}.Debug|Any CPU.Build.0 = Debug|Any CPU
		{45D27F3D-9F31-433B-85C3-11D5759DA8A8}.Release|Any CPU.ActiveCfg = Release|Any CPU
		{45D27F3D-9F31-433B-85C3-11D5759DA8A8}.Release|Any CPU.Build.0 = Release|Any CPU
		{F6C9B286-1083-483A-8C10-98DFD28056B3}.Debug|Any CPU.ActiveCfg = Debug|Any CPU
		{F6C9B286-1083-483A-8C10-98DFD28056B3}.Debug|Any CPU.Build.0 = Debug|Any CPU
		{F6C9B286-1083-483A-8C10-98DFD28056B3}.Release|Any CPU.ActiveCfg = Release|Any CPU
		{F6C9B286-1083-483A-8C10-98DFD28056B3}.Release|Any CPU.Build.0 = Release|Any CPU
		{C3EDFBBC-F85C-4782-BA13-C4AC150BE036}.Debug|Any CPU.ActiveCfg = Debug|Any CPU
		{C3EDFBBC-F85C-4782-BA13-C4AC150BE036}.Debug|Any CPU.Build.0 = Debug|Any CPU
		{C3EDFBBC-F85C-4782-BA13-C4AC150BE036}.Release|Any CPU.ActiveCfg = Release|Any CPU
		{C3EDFBBC-F85C-4782-BA13-C4AC150BE036}.Release|Any CPU.Build.0 = Release|Any CPU
	EndGlobalSection
	GlobalSection(SolutionProperties) = preSolution
		HideSolutionNode = FALSE
	EndGlobalSection
	GlobalSection(ExtensibilityGlobals) = postSolution
		SolutionGuid = {6F27F7E1-EDF2-4010-BC5C-E1BF7E46401D}
	EndGlobalSection
EndGlobal
