
Microsoft Visual Studio Solution File, Format Version 12.00
# Visual Studio Version 16
VisualStudioVersion = 16.0.28803.352
MinimumVisualStudioVersion = 10.0.40219.1
Project("{FAE04EC0-301F-11D3-BF4B-00C04F79EFBC}") = "WantsomeWeek7", "WantsomeWeek7.csproj", "{D468C60D-4962-45B7-AF4E-7DB316D8048E}"
EndProject
Project("{FAE04EC0-301F-11D3-BF4B-00C04F79EFBC}") = "SquareRoot", "..\SquareRoot\SquareRoot.csproj", "{0F63A99B-7437-4479-83F8-0403CF3026DB}"
EndProject
Project("{FAE04EC0-301F-11D3-BF4B-00C04F79EFBC}") = "ReadFileContents", "..\ReadFileContents\ReadFileContents.csproj", "{AA366CBC-EB87-4FB7-AB8E-45B61A215536}"
EndProject
Global
	GlobalSection(SolutionConfigurationPlatforms) = preSolution
		Debug|Any CPU = Debug|Any CPU
		Release|Any CPU = Release|Any CPU
	EndGlobalSection
	GlobalSection(ProjectConfigurationPlatforms) = postSolution
		{D468C60D-4962-45B7-AF4E-7DB316D8048E}.Debug|Any CPU.ActiveCfg = Debug|Any CPU
		{D468C60D-4962-45B7-AF4E-7DB316D8048E}.Debug|Any CPU.Build.0 = Debug|Any CPU
		{D468C60D-4962-45B7-AF4E-7DB316D8048E}.Release|Any CPU.ActiveCfg = Release|Any CPU
		{D468C60D-4962-45B7-AF4E-7DB316D8048E}.Release|Any CPU.Build.0 = Release|Any CPU
		{0F63A99B-7437-4479-83F8-0403CF3026DB}.Debug|Any CPU.ActiveCfg = Debug|Any CPU
		{0F63A99B-7437-4479-83F8-0403CF3026DB}.Debug|Any CPU.Build.0 = Debug|Any CPU
		{0F63A99B-7437-4479-83F8-0403CF3026DB}.Release|Any CPU.ActiveCfg = Release|Any CPU
		{0F63A99B-7437-4479-83F8-0403CF3026DB}.Release|Any CPU.Build.0 = Release|Any CPU
		{AA366CBC-EB87-4FB7-AB8E-45B61A215536}.Debug|Any CPU.ActiveCfg = Debug|Any CPU
		{AA366CBC-EB87-4FB7-AB8E-45B61A215536}.Debug|Any CPU.Build.0 = Debug|Any CPU
		{AA366CBC-EB87-4FB7-AB8E-45B61A215536}.Release|Any CPU.ActiveCfg = Release|Any CPU
		{AA366CBC-EB87-4FB7-AB8E-45B61A215536}.Release|Any CPU.Build.0 = Release|Any CPU
	EndGlobalSection
	GlobalSection(SolutionProperties) = preSolution
		HideSolutionNode = FALSE
	EndGlobalSection
	GlobalSection(ExtensibilityGlobals) = postSolution
		SolutionGuid = {6F27F7E1-EDF2-4010-BC5C-E1BF7E46401D}
	EndGlobalSection
EndGlobal
