
Microsoft Visual Studio Solution File, Format Version 12.00
# Visual Studio Version 16
VisualStudioVersion = 16.0.28803.352
MinimumVisualStudioVersion = 10.0.40219.1
Project("{FAE04EC0-301F-11D3-BF4B-00C04F79EFBC}") = "WantsomeWeek7", "WantsomeWeek7.csproj", "{D468C60D-4962-45B7-AF4E-7DB316D8048E}"
EndProject
Project("{FAE04EC0-301F-11D3-BF4B-00C04F79EFBC}") = "SquareRoot", "..\SquareRoot\SquareRoot.csproj", "{0F63A99B-7437-4479-83F8-0403CF3026DB}"
EndProject
Project("{FAE04EC0-301F-11D3-BF4B-00C04F79EFBC}") = "ReadFileContents", "..\ReadFileContents\ReadFileContents.csproj", "{AA366CBC-EB87-4FB7-AB8E-45B61A215536}"
EndProject
Project("{FAE04EC0-301F-11D3-BF4B-00C04F79EFBC}") = "DownloadAFile", "..\DownloadAFile\DownloadAFile.csproj", "{4B4F0CC3-A234-4069-B6AC-DCE22A2CC43A}"
EndProject
Project("{FAE04EC0-301F-11D3-BF4B-00C04F79EFBC}") = "ReadingANumber", "..\ReadingANumber\ReadingANumber.csproj", "{1623126A-C314-4D32-A392-3727897766CD}"
EndProject
Project("{FAE04EC0-301F-11D3-BF4B-00C04F79EFBC}") = "BitArr", "..\BitArr\BitArr.csproj", "{4276D152-0F26-411C-A361-46B7FE48ECDF}"
EndProject
Project("{FAE04EC0-301F-11D3-BF4B-00C04F79EFBC}") = "DelegateMethodHOWTO", "..\DelegateMethodHOWTO\DelegateMethodHOWTO.csproj", "{17E6C1EF-DC07-4E6F-B19B-D44077787E11}"
EndProject
Project("{FAE04EC0-301F-11D3-BF4B-00C04F79EFBC}") = "DelegateMethods", "..\DelegateMethods\DelegateMethods.csproj", "{002EB9FE-5EFF-4147-96CE-32FE7DE0478F}"
EndProject
Project("{FAE04EC0-301F-11D3-BF4B-00C04F79EFBC}") = "ExtensionMethods", "..\ExtensionMethods\ExtensionMethods.csproj", "{66AA795A-9D1D-4B41-BEC1-D15792579BDB}"
EndProject
Project("{FAE04EC0-301F-11D3-BF4B-00C04F79EFBC}") = "HomeworkDelegates", "..\HomeworkDelegates\HomeworkDelegates.csproj", "{8FC37689-B7FE-426A-B12A-F496CA1C302B}"
EndProject
Project("{FAE04EC0-301F-11D3-BF4B-00C04F79EFBC}") = "LINQHOWTO", "..\LINQHOWTO\LINQHOWTO.csproj", "{7490A918-D590-4BFA-9DBE-A60908D30BE8}"
EndProject
Project("{FAE04EC0-301F-11D3-BF4B-00C04F79EFBC}") = "HomeworkFunc", "..\HomeworkFunc\HomeworkFunc.csproj", "{7ADDED09-85CF-4283-BE9E-3986DEA15745}"
EndProject
Global
	GlobalSection(SolutionConfigurationPlatforms) = preSolution
		Debug|Any CPU = Debug|Any CPU
		Release|Any CPU = Release|Any CPU
	EndGlobalSection
	GlobalSection(ProjectConfigurationPlatforms) = postSolution
		{D468C60D-4962-45B7-AF4E-7DB316D8048E}.Debug|Any CPU.ActiveCfg = Debug|Any CPU
		{D468C60D-4962-45B7-AF4E-7DB316D8048E}.Debug|Any CPU.Build.0 = Debug|Any CPU
		{D468C60D-4962-45B7-AF4E-7DB316D8048E}.Release|Any CPU.ActiveCfg = Release|Any CPU
		{D468C60D-4962-45B7-AF4E-7DB316D8048E}.Release|Any CPU.Build.0 = Release|Any CPU
		{0F63A99B-7437-4479-83F8-0403CF3026DB}.Debug|Any CPU.ActiveCfg = Debug|Any CPU
		{0F63A99B-7437-4479-83F8-0403CF3026DB}.Debug|Any CPU.Build.0 = Debug|Any CPU
		{0F63A99B-7437-4479-83F8-0403CF3026DB}.Release|Any CPU.ActiveCfg = Release|Any CPU
		{0F63A99B-7437-4479-83F8-0403CF3026DB}.Release|Any CPU.Build.0 = Release|Any CPU
		{AA366CBC-EB87-4FB7-AB8E-45B61A215536}.Debug|Any CPU.ActiveCfg = Debug|Any CPU
		{AA366CBC-EB87-4FB7-AB8E-45B61A215536}.Debug|Any CPU.Build.0 = Debug|Any CPU
		{AA366CBC-EB87-4FB7-AB8E-45B61A215536}.Release|Any CPU.ActiveCfg = Release|Any CPU
		{AA366CBC-EB87-4FB7-AB8E-45B61A215536}.Release|Any CPU.Build.0 = Release|Any CPU
		{4B4F0CC3-A234-4069-B6AC-DCE22A2CC43A}.Debug|Any CPU.ActiveCfg = Debug|Any CPU
		{4B4F0CC3-A234-4069-B6AC-DCE22A2CC43A}.Debug|Any CPU.Build.0 = Debug|Any CPU
		{4B4F0CC3-A234-4069-B6AC-DCE22A2CC43A}.Release|Any CPU.ActiveCfg = Release|Any CPU
		{4B4F0CC3-A234-4069-B6AC-DCE22A2CC43A}.Release|Any CPU.Build.0 = Release|Any CPU
		{1623126A-C314-4D32-A392-3727897766CD}.Debug|Any CPU.ActiveCfg = Debug|Any CPU
		{1623126A-C314-4D32-A392-3727897766CD}.Debug|Any CPU.Build.0 = Debug|Any CPU
		{1623126A-C314-4D32-A392-3727897766CD}.Release|Any CPU.ActiveCfg = Release|Any CPU
		{1623126A-C314-4D32-A392-3727897766CD}.Release|Any CPU.Build.0 = Release|Any CPU
		{4276D152-0F26-411C-A361-46B7FE48ECDF}.Debug|Any CPU.ActiveCfg = Debug|Any CPU
		{4276D152-0F26-411C-A361-46B7FE48ECDF}.Debug|Any CPU.Build.0 = Debug|Any CPU
		{4276D152-0F26-411C-A361-46B7FE48ECDF}.Release|Any CPU.ActiveCfg = Release|Any CPU
		{4276D152-0F26-411C-A361-46B7FE48ECDF}.Release|Any CPU.Build.0 = Release|Any CPU
		{17E6C1EF-DC07-4E6F-B19B-D44077787E11}.Debug|Any CPU.ActiveCfg = Debug|Any CPU
		{17E6C1EF-DC07-4E6F-B19B-D44077787E11}.Debug|Any CPU.Build.0 = Debug|Any CPU
		{17E6C1EF-DC07-4E6F-B19B-D44077787E11}.Release|Any CPU.ActiveCfg = Release|Any CPU
		{17E6C1EF-DC07-4E6F-B19B-D44077787E11}.Release|Any CPU.Build.0 = Release|Any CPU
		{002EB9FE-5EFF-4147-96CE-32FE7DE0478F}.Debug|Any CPU.ActiveCfg = Debug|Any CPU
		{002EB9FE-5EFF-4147-96CE-32FE7DE0478F}.Debug|Any CPU.Build.0 = Debug|Any CPU
		{002EB9FE-5EFF-4147-96CE-32FE7DE0478F}.Release|Any CPU.ActiveCfg = Release|Any CPU
		{002EB9FE-5EFF-4147-96CE-32FE7DE0478F}.Release|Any CPU.Build.0 = Release|Any CPU
		{66AA795A-9D1D-4B41-BEC1-D15792579BDB}.Debug|Any CPU.ActiveCfg = Debug|Any CPU
		{66AA795A-9D1D-4B41-BEC1-D15792579BDB}.Debug|Any CPU.Build.0 = Debug|Any CPU
		{66AA795A-9D1D-4B41-BEC1-D15792579BDB}.Release|Any CPU.ActiveCfg = Release|Any CPU
		{66AA795A-9D1D-4B41-BEC1-D15792579BDB}.Release|Any CPU.Build.0 = Release|Any CPU
		{8FC37689-B7FE-426A-B12A-F496CA1C302B}.Debug|Any CPU.ActiveCfg = Debug|Any CPU
		{8FC37689-B7FE-426A-B12A-F496CA1C302B}.Debug|Any CPU.Build.0 = Debug|Any CPU
		{8FC37689-B7FE-426A-B12A-F496CA1C302B}.Release|Any CPU.ActiveCfg = Release|Any CPU
		{8FC37689-B7FE-426A-B12A-F496CA1C302B}.Release|Any CPU.Build.0 = Release|Any CPU
		{7490A918-D590-4BFA-9DBE-A60908D30BE8}.Debug|Any CPU.ActiveCfg = Debug|Any CPU
		{7490A918-D590-4BFA-9DBE-A60908D30BE8}.Debug|Any CPU.Build.0 = Debug|Any CPU
		{7490A918-D590-4BFA-9DBE-A60908D30BE8}.Release|Any CPU.ActiveCfg = Release|Any CPU
		{7490A918-D590-4BFA-9DBE-A60908D30BE8}.Release|Any CPU.Build.0 = Release|Any CPU
		{7ADDED09-85CF-4283-BE9E-3986DEA15745}.Debug|Any CPU.ActiveCfg = Debug|Any CPU
		{7ADDED09-85CF-4283-BE9E-3986DEA15745}.Debug|Any CPU.Build.0 = Debug|Any CPU
		{7ADDED09-85CF-4283-BE9E-3986DEA15745}.Release|Any CPU.ActiveCfg = Release|Any CPU
		{7ADDED09-85CF-4283-BE9E-3986DEA15745}.Release|Any CPU.Build.0 = Release|Any CPU
	EndGlobalSection
	GlobalSection(SolutionProperties) = preSolution
		HideSolutionNode = FALSE
	EndGlobalSection
	GlobalSection(ExtensibilityGlobals) = postSolution
		SolutionGuid = {6F27F7E1-EDF2-4010-BC5C-E1BF7E46401D}
	EndGlobalSection
EndGlobal
